
Microsoft Visual Studio Solution File, Format Version 12.00
# Visual Studio Version 17
VisualStudioVersion = 17.8.34322.80
MinimumVisualStudioVersion = 10.0.40219.1
Project("{9A19103F-16F7-4668-BE54-9A1E7A4F7556}") = "LineToolLite", "LineToolLite.csproj", "{3923F136-38EF-4AA8-8C20-C27FF001F443}"
EndProject
Global
	GlobalSection(SolutionConfigurationPlatforms) = preSolution
		Debug|Any CPU = Debug|Any CPU
		Release|Any CPU = Release|Any CPU
	EndGlobalSection
	GlobalSection(ProjectConfigurationPlatforms) = postSolution
		{3923F136-38EF-4AA8-8C20-C27FF001F443}.Debug|Any CPU.ActiveCfg = Debug|Any CPU
		{3923F136-38EF-4AA8-8C20-C27FF001F443}.Debug|Any CPU.Build.0 = Debug|Any CPU
		{3923F136-38EF-4AA8-8C20-C27FF001F443}.Release|Any CPU.ActiveCfg = Release|Any CPU
		{3923F136-38EF-4AA8-8C20-C27FF001F443}.Release|Any CPU.Build.0 = Release|Any CPU
	EndGlobalSection
	GlobalSection(SolutionProperties) = preSolution
		HideSolutionNode = FALSE
	EndGlobalSection
	GlobalSection(ExtensibilityGlobals) = postSolution
		SolutionGuid = {1D6BCC73-E9A7-4BFD-89E5-41D8443FC370}
	EndGlobalSection
EndGlobal
